# This file is generated by running "yarn install" inside your project.
# Manual changes might be lost - proceed with caution!

__metadata:
  version: 8

"@pages/about@workspace:^, @pages/about@workspace:src/pages/about":
  version: 0.0.0-use.local
  resolution: "@pages/about@workspace:src/pages/about"
  dependencies:
    "@website/components": "workspace:^"
  languageName: unknown
  linkType: soft

"@pages/blog-details@workspace:^, @pages/blog-details@workspace:src/pages/blog-details":
  version: 0.0.0-use.local
  resolution: "@pages/blog-details@workspace:src/pages/blog-details"
  dependencies:
    "@website/components": "workspace:^"
  languageName: unknown
  linkType: soft

"@pages/blog@workspace:^, @pages/blog@workspace:src/pages/blog":
  version: 0.0.0-use.local
  resolution: "@pages/blog@workspace:src/pages/blog"
  dependencies:
    "@website/components": "workspace:^"
  languageName: unknown
  linkType: soft

"@pages/cart@workspace:^, @pages/cart@workspace:src/pages/cart":
  version: 0.0.0-use.local
  resolution: "@pages/cart@workspace:src/pages/cart"
  dependencies:
    "@website/components": "workspace:^"
  languageName: unknown
  linkType: soft

"@pages/checkout@workspace:^, @pages/checkout@workspace:src/pages/checkout":
  version: 0.0.0-use.local
  resolution: "@pages/checkout@workspace:src/pages/checkout"
  dependencies:
    "@website/components": "workspace:^"
  languageName: unknown
  linkType: soft

"@pages/contacts@workspace:^, @pages/contacts@workspace:src/pages/contacts":
  version: 0.0.0-use.local
  resolution: "@pages/contacts@workspace:src/pages/contacts"
  dependencies:
    "@website/components": "workspace:^"
  languageName: unknown
  linkType: soft

"@pages/details@workspace:^, @pages/details@workspace:src/pages/details":
  version: 0.0.0-use.local
  resolution: "@pages/details@workspace:src/pages/details"
  dependencies:
    "@website/components": "workspace:^"
  languageName: unknown
  linkType: soft

"@pages/dishes@workspace:^, @pages/dishes@workspace:src/pages/dishes":
  version: 0.0.0-use.local
  resolution: "@pages/dishes@workspace:src/pages/dishes"
  dependencies:
    "@website/components": "workspace:^"
  languageName: unknown
  linkType: soft

"@pages/home@workspace:^, @pages/home@workspace:src/pages/home":
  version: 0.0.0-use.local
  resolution: "@pages/home@workspace:src/pages/home"
  dependencies:
    "@website/components": "workspace:^"
  languageName: unknown
  linkType: soft

"@pages/menus@workspace:^, @pages/menus@workspace:src/pages/menus":
  version: 0.0.0-use.local
  resolution: "@pages/menus@workspace:src/pages/menus"
  dependencies:
    "@website/components": "workspace:^"
  languageName: unknown
  linkType: soft

"@website/components@workspace:^, @website/components@workspace:src/components":
  version: 0.0.0-use.local
  resolution: "@website/components@workspace:src/components"
  languageName: unknown
  linkType: soft

"website@workspace:.":
  version: 0.0.0-use.local
  resolution: "website@workspace:."
  dependencies:
    "@pages/about": "workspace:^"
    "@pages/blog": "workspace:^"
    "@pages/blog-details": "workspace:^"
    "@pages/cart": "workspace:^"
    "@pages/checkout": "workspace:^"
    "@pages/contacts": "workspace:^"
    "@pages/details": "workspace:^"
    "@pages/dishes": "workspace:^"
    "@pages/home": "workspace:^"
    "@pages/menus": "workspace:^"
  languageName: unknown
  linkType: soft
